
Microsoft Visual Studio Solution File, Format Version 12.00
# Visual Studio 15
VisualStudioVersion = 15.0.26124.0
MinimumVisualStudioVersion = 15.0.26124.0
Project("{FAE04EC0-301F-11D3-BF4B-00C04F79EFBC}") = "R5T.AWS.EC2.Configuration.Construction", "R5T.AWS.EC2.Configuration.Construction\R5T.AWS.EC2.Configuration.Construction.csproj", "{FF575C3B-7C4C-4F41-93C6-034F71325146}"
EndProject
Project("{FAE04EC0-301F-11D3-BF4B-00C04F79EFBC}") = "R5T.AWS.EC2.Configuration", "R5T.AWS.EC2.Configuration\R5T.AWS.EC2.Configuration.csproj", "{944E68CF-D021-40EE-AAC0-A2D13086DACF}"
EndProject
Project("{FAE04EC0-301F-11D3-BF4B-00C04F79EFBC}") = "R5T.AWS.EC2.Configuration.Testing", "R5T.AWS.EC2.Configuration.Testing\R5T.AWS.EC2.Configuration.Testing.csproj", "{96AB68CB-BB8F-4EAF-A7E6-6045919118B7}"
EndProject
Project("{9A19103F-16F7-4668-BE54-9A1E7A4F7556}") = "R5T.Rivet.Configuration", "..\..\R5T.Rivet.Configuration\source\R5T.Rivet.Configuration\R5T.Rivet.Configuration.csproj", "{ED2B3C8F-AF9D-467F-B7F1-C0F431DBFFF7}"
EndProject
Project("{2150E333-8FDC-42A3-9474-1A3956D46DE8}") = "_Dependencies", "_Dependencies", "{5046C084-83F1-4FE4-A487-8A9F96D21F6A}"
EndProject
Project("{9A19103F-16F7-4668-BE54-9A1E7A4F7556}") = "R5T.NetStandard.IO.Paths.Base", "..\..\R5T.NetStandard.IO.Paths.Base\source\R5T.NetStandard.IO.Paths.Base\R5T.NetStandard.IO.Paths.Base.csproj", "{9B83DF8C-3F3E-4705-AC61-125FBD2AB217}"
EndProject
Project("{9A19103F-16F7-4668-BE54-9A1E7A4F7556}") = "R5T.Dropbox.Base", "..\..\R5T.Dropbox.Base\source\R5T.Dropbox.Base\R5T.Dropbox.Base.csproj", "{59E512C4-1D50-4924-A8C3-F0634851941C}"
EndProject
Project("{9A19103F-16F7-4668-BE54-9A1E7A4F7556}") = "R5T.NetStandard.IO.Paths.Types", "..\..\R5T.NetStandard.IO.Paths.Types\source\R5T.NetStandard.IO.Paths.Types\R5T.NetStandard.IO.Paths.Types.csproj", "{1CD98CA5-972B-4804-BC6F-32F57106BF11}"
EndProject
Project("{9A19103F-16F7-4668-BE54-9A1E7A4F7556}") = "R5T.NetStandard.TypedString", "..\..\R5T.NetStandard.TypedString\source\R5T.NetStandard.TypedString\R5T.NetStandard.TypedString.csproj", "{BECE77CF-4B29-45F7-86B0-D89D3866F083}"
EndProject
Project("{9A19103F-16F7-4668-BE54-9A1E7A4F7556}") = "R5T.NetStandard.Types", "..\..\R5T.NetStandard.Types\source\R5T.NetStandard.Types\R5T.NetStandard.Types.csproj", "{9FC5B9EB-A6CA-4AE0-9619-0F8EDE274EC2}"
EndProject
Project("{9A19103F-16F7-4668-BE54-9A1E7A4F7556}") = "R5T.NetStandard.Organizational", "..\..\R5T.NetStandard.Organizational\source\R5T.NetStandard.Organizational\R5T.NetStandard.Organizational.csproj", "{85397DA7-0CD4-4D19-990D-A8D50EA6E904}"
EndProject
Project("{9A19103F-16F7-4668-BE54-9A1E7A4F7556}") = "R5T.Rivet.Organizational", "..\..\R5T.Rivet.Organizational\source\R5T.Rivet.Organizational\R5T.Rivet.Organizational.csproj", "{E814C80F-3E21-4790-B227-F4FD10F4902F}"
EndProject
Project("{9A19103F-16F7-4668-BE54-9A1E7A4F7556}") = "R5T.Rivet.Dropbox", "..\..\R5T.Rivet.Dropbox\source\R5T.Rivet.Dropbox\R5T.Rivet.Dropbox.csproj", "{341229C9-A6B9-4227-AAD4-346B4FED371C}"
EndProject
Project("{9A19103F-16F7-4668-BE54-9A1E7A4F7556}") = "R5T.NetStandard.Configuration", "..\..\R5T.NetStandard.Configuration\source\R5T.NetStandard.Configuration\R5T.NetStandard.Configuration.csproj", "{1FBF0A8A-2809-4E85-BDD8-69FD33E74624}"
EndProject
Global
	GlobalSection(SolutionConfigurationPlatforms) = preSolution
		Debug|Any CPU = Debug|Any CPU
		Debug|x64 = Debug|x64
		Debug|x86 = Debug|x86
		Release|Any CPU = Release|Any CPU
		Release|x64 = Release|x64
		Release|x86 = Release|x86
	EndGlobalSection
	GlobalSection(ProjectConfigurationPlatforms) = postSolution
		{FF575C3B-7C4C-4F41-93C6-034F71325146}.Debug|Any CPU.ActiveCfg = Debug|Any CPU
		{FF575C3B-7C4C-4F41-93C6-034F71325146}.Debug|Any CPU.Build.0 = Debug|Any CPU
		{FF575C3B-7C4C-4F41-93C6-034F71325146}.Debug|x64.ActiveCfg = Debug|Any CPU
		{FF575C3B-7C4C-4F41-93C6-034F71325146}.Debug|x64.Build.0 = Debug|Any CPU
		{FF575C3B-7C4C-4F41-93C6-034F71325146}.Debug|x86.ActiveCfg = Debug|Any CPU
		{FF575C3B-7C4C-4F41-93C6-034F71325146}.Debug|x86.Build.0 = Debug|Any CPU
		{FF575C3B-7C4C-4F41-93C6-034F71325146}.Release|Any CPU.ActiveCfg = Release|Any CPU
		{FF575C3B-7C4C-4F41-93C6-034F71325146}.Release|Any CPU.Build.0 = Release|Any CPU
		{FF575C3B-7C4C-4F41-93C6-034F71325146}.Release|x64.ActiveCfg = Release|Any CPU
		{FF575C3B-7C4C-4F41-93C6-034F71325146}.Release|x64.Build.0 = Release|Any CPU
		{FF575C3B-7C4C-4F41-93C6-034F71325146}.Release|x86.ActiveCfg = Release|Any CPU
		{FF575C3B-7C4C-4F41-93C6-034F71325146}.Release|x86.Build.0 = Release|Any CPU
		{944E68CF-D021-40EE-AAC0-A2D13086DACF}.Debug|Any CPU.ActiveCfg = Debug|Any CPU
		{944E68CF-D021-40EE-AAC0-A2D13086DACF}.Debug|Any CPU.Build.0 = Debug|Any CPU
		{944E68CF-D021-40EE-AAC0-A2D13086DACF}.Debug|x64.ActiveCfg = Debug|Any CPU
		{944E68CF-D021-40EE-AAC0-A2D13086DACF}.Debug|x64.Build.0 = Debug|Any CPU
		{944E68CF-D021-40EE-AAC0-A2D13086DACF}.Debug|x86.ActiveCfg = Debug|Any CPU
		{944E68CF-D021-40EE-AAC0-A2D13086DACF}.Debug|x86.Build.0 = Debug|Any CPU
		{944E68CF-D021-40EE-AAC0-A2D13086DACF}.Release|Any CPU.ActiveCfg = Release|Any CPU
		{944E68CF-D021-40EE-AAC0-A2D13086DACF}.Release|Any CPU.Build.0 = Release|Any CPU
		{944E68CF-D021-40EE-AAC0-A2D13086DACF}.Release|x64.ActiveCfg = Release|Any CPU
		{944E68CF-D021-40EE-AAC0-A2D13086DACF}.Release|x64.Build.0 = Release|Any CPU
		{944E68CF-D021-40EE-AAC0-A2D13086DACF}.Release|x86.ActiveCfg = Release|Any CPU
		{944E68CF-D021-40EE-AAC0-A2D13086DACF}.Release|x86.Build.0 = Release|Any CPU
		{96AB68CB-BB8F-4EAF-A7E6-6045919118B7}.Debug|Any CPU.ActiveCfg = Debug|Any CPU
		{96AB68CB-BB8F-4EAF-A7E6-6045919118B7}.Debug|Any CPU.Build.0 = Debug|Any CPU
		{96AB68CB-BB8F-4EAF-A7E6-6045919118B7}.Debug|x64.ActiveCfg = Debug|Any CPU
		{96AB68CB-BB8F-4EAF-A7E6-6045919118B7}.Debug|x64.Build.0 = Debug|Any CPU
		{96AB68CB-BB8F-4EAF-A7E6-6045919118B7}.Debug|x86.ActiveCfg = Debug|Any CPU
		{96AB68CB-BB8F-4EAF-A7E6-6045919118B7}.Debug|x86.Build.0 = Debug|Any CPU
		{96AB68CB-BB8F-4EAF-A7E6-6045919118B7}.Release|Any CPU.ActiveCfg = Release|Any CPU
		{96AB68CB-BB8F-4EAF-A7E6-6045919118B7}.Release|Any CPU.Build.0 = Release|Any CPU
		{96AB68CB-BB8F-4EAF-A7E6-6045919118B7}.Release|x64.ActiveCfg = Release|Any CPU
		{96AB68CB-BB8F-4EAF-A7E6-6045919118B7}.Release|x64.Build.0 = Release|Any CPU
		{96AB68CB-BB8F-4EAF-A7E6-6045919118B7}.Release|x86.ActiveCfg = Release|Any CPU
		{96AB68CB-BB8F-4EAF-A7E6-6045919118B7}.Release|x86.Build.0 = Release|Any CPU
		{ED2B3C8F-AF9D-467F-B7F1-C0F431DBFFF7}.Debug|Any CPU.ActiveCfg = Debug|Any CPU
		{ED2B3C8F-AF9D-467F-B7F1-C0F431DBFFF7}.Debug|Any CPU.Build.0 = Debug|Any CPU
		{ED2B3C8F-AF9D-467F-B7F1-C0F431DBFFF7}.Debug|x64.ActiveCfg = Debug|Any CPU
		{ED2B3C8F-AF9D-467F-B7F1-C0F431DBFFF7}.Debug|x64.Build.0 = Debug|Any CPU
		{ED2B3C8F-AF9D-467F-B7F1-C0F431DBFFF7}.Debug|x86.ActiveCfg = Debug|Any CPU
		{ED2B3C8F-AF9D-467F-B7F1-C0F431DBFFF7}.Debug|x86.Build.0 = Debug|Any CPU
		{ED2B3C8F-AF9D-467F-B7F1-C0F431DBFFF7}.Release|Any CPU.ActiveCfg = Release|Any CPU
		{ED2B3C8F-AF9D-467F-B7F1-C0F431DBFFF7}.Release|Any CPU.Build.0 = Release|Any CPU
		{ED2B3C8F-AF9D-467F-B7F1-C0F431DBFFF7}.Release|x64.ActiveCfg = Release|Any CPU
		{ED2B3C8F-AF9D-467F-B7F1-C0F431DBFFF7}.Release|x64.Build.0 = Release|Any CPU
		{ED2B3C8F-AF9D-467F-B7F1-C0F431DBFFF7}.Release|x86.ActiveCfg = Release|Any CPU
		{ED2B3C8F-AF9D-467F-B7F1-C0F431DBFFF7}.Release|x86.Build.0 = Release|Any CPU
		{9B83DF8C-3F3E-4705-AC61-125FBD2AB217}.Debug|Any CPU.ActiveCfg = Debug|Any CPU
		{9B83DF8C-3F3E-4705-AC61-125FBD2AB217}.Debug|Any CPU.Build.0 = Debug|Any CPU
		{9B83DF8C-3F3E-4705-AC61-125FBD2AB217}.Debug|x64.ActiveCfg = Debug|Any CPU
		{9B83DF8C-3F3E-4705-AC61-125FBD2AB217}.Debug|x64.Build.0 = Debug|Any CPU
		{9B83DF8C-3F3E-4705-AC61-125FBD2AB217}.Debug|x86.ActiveCfg = Debug|Any CPU
		{9B83DF8C-3F3E-4705-AC61-125FBD2AB217}.Debug|x86.Build.0 = Debug|Any CPU
		{9B83DF8C-3F3E-4705-AC61-125FBD2AB217}.Release|Any CPU.ActiveCfg = Release|Any CPU
		{9B83DF8C-3F3E-4705-AC61-125FBD2AB217}.Release|Any CPU.Build.0 = Release|Any CPU
		{9B83DF8C-3F3E-4705-AC61-125FBD2AB217}.Release|x64.ActiveCfg = Release|Any CPU
		{9B83DF8C-3F3E-4705-AC61-125FBD2AB217}.Release|x64.Build.0 = Release|Any CPU
		{9B83DF8C-3F3E-4705-AC61-125FBD2AB217}.Release|x86.ActiveCfg = Release|Any CPU
		{9B83DF8C-3F3E-4705-AC61-125FBD2AB217}.Release|x86.Build.0 = Release|Any CPU
		{59E512C4-1D50-4924-A8C3-F0634851941C}.Debug|Any CPU.ActiveCfg = Debug|Any CPU
		{59E512C4-1D50-4924-A8C3-F0634851941C}.Debug|Any CPU.Build.0 = Debug|Any CPU
		{59E512C4-1D50-4924-A8C3-F0634851941C}.Debug|x64.ActiveCfg = Debug|Any CPU
		{59E512C4-1D50-4924-A8C3-F0634851941C}.Debug|x64.Build.0 = Debug|Any CPU
		{59E512C4-1D50-4924-A8C3-F0634851941C}.Debug|x86.ActiveCfg = Debug|Any CPU
		{59E512C4-1D50-4924-A8C3-F0634851941C}.Debug|x86.Build.0 = Debug|Any CPU
		{59E512C4-1D50-4924-A8C3-F0634851941C}.Release|Any CPU.ActiveCfg = Release|Any CPU
		{59E512C4-1D50-4924-A8C3-F0634851941C}.Release|Any CPU.Build.0 = Release|Any CPU
		{59E512C4-1D50-4924-A8C3-F0634851941C}.Release|x64.ActiveCfg = Release|Any CPU
		{59E512C4-1D50-4924-A8C3-F0634851941C}.Release|x64.Build.0 = Release|Any CPU
		{59E512C4-1D50-4924-A8C3-F0634851941C}.Release|x86.ActiveCfg = Release|Any CPU
		{59E512C4-1D50-4924-A8C3-F0634851941C}.Release|x86.Build.0 = Release|Any CPU
		{1CD98CA5-972B-4804-BC6F-32F57106BF11}.Debug|Any CPU.ActiveCfg = Debug|Any CPU
		{1CD98CA5-972B-4804-BC6F-32F57106BF11}.Debug|Any CPU.Build.0 = Debug|Any CPU
		{1CD98CA5-972B-4804-BC6F-32F57106BF11}.Debug|x64.ActiveCfg = Debug|Any CPU
		{1CD98CA5-972B-4804-BC6F-32F57106BF11}.Debug|x64.Build.0 = Debug|Any CPU
		{1CD98CA5-972B-4804-BC6F-32F57106BF11}.Debug|x86.ActiveCfg = Debug|Any CPU
		{1CD98CA5-972B-4804-BC6F-32F57106BF11}.Debug|x86.Build.0 = Debug|Any CPU
		{1CD98CA5-972B-4804-BC6F-32F57106BF11}.Release|Any CPU.ActiveCfg = Release|Any CPU
		{1CD98CA5-972B-4804-BC6F-32F57106BF11}.Release|Any CPU.Build.0 = Release|Any CPU
		{1CD98CA5-972B-4804-BC6F-32F57106BF11}.Release|x64.ActiveCfg = Release|Any CPU
		{1CD98CA5-972B-4804-BC6F-32F57106BF11}.Release|x64.Build.0 = Release|Any CPU
		{1CD98CA5-972B-4804-BC6F-32F57106BF11}.Release|x86.ActiveCfg = Release|Any CPU
		{1CD98CA5-972B-4804-BC6F-32F57106BF11}.Release|x86.Build.0 = Release|Any CPU
		{BECE77CF-4B29-45F7-86B0-D89D3866F083}.Debug|Any CPU.ActiveCfg = Debug|Any CPU
		{BECE77CF-4B29-45F7-86B0-D89D3866F083}.Debug|Any CPU.Build.0 = Debug|Any CPU
		{BECE77CF-4B29-45F7-86B0-D89D3866F083}.Debug|x64.ActiveCfg = Debug|Any CPU
		{BECE77CF-4B29-45F7-86B0-D89D3866F083}.Debug|x64.Build.0 = Debug|Any CPU
		{BECE77CF-4B29-45F7-86B0-D89D3866F083}.Debug|x86.ActiveCfg = Debug|Any CPU
		{BECE77CF-4B29-45F7-86B0-D89D3866F083}.Debug|x86.Build.0 = Debug|Any CPU
		{BECE77CF-4B29-45F7-86B0-D89D3866F083}.Release|Any CPU.ActiveCfg = Release|Any CPU
		{BECE77CF-4B29-45F7-86B0-D89D3866F083}.Release|Any CPU.Build.0 = Release|Any CPU
		{BECE77CF-4B29-45F7-86B0-D89D3866F083}.Release|x64.ActiveCfg = Release|Any CPU
		{BECE77CF-4B29-45F7-86B0-D89D3866F083}.Release|x64.Build.0 = Release|Any CPU
		{BECE77CF-4B29-45F7-86B0-D89D3866F083}.Release|x86.ActiveCfg = Release|Any CPU
		{BECE77CF-4B29-45F7-86B0-D89D3866F083}.Release|x86.Build.0 = Release|Any CPU
		{9FC5B9EB-A6CA-4AE0-9619-0F8EDE274EC2}.Debug|Any CPU.ActiveCfg = Debug|Any CPU
		{9FC5B9EB-A6CA-4AE0-9619-0F8EDE274EC2}.Debug|Any CPU.Build.0 = Debug|Any CPU
		{9FC5B9EB-A6CA-4AE0-9619-0F8EDE274EC2}.Debug|x64.ActiveCfg = Debug|Any CPU
		{9FC5B9EB-A6CA-4AE0-9619-0F8EDE274EC2}.Debug|x64.Build.0 = Debug|Any CPU
		{9FC5B9EB-A6CA-4AE0-9619-0F8EDE274EC2}.Debug|x86.ActiveCfg = Debug|Any CPU
		{9FC5B9EB-A6CA-4AE0-9619-0F8EDE274EC2}.Debug|x86.Build.0 = Debug|Any CPU
		{9FC5B9EB-A6CA-4AE0-9619-0F8EDE274EC2}.Release|Any CPU.ActiveCfg = Release|Any CPU
		{9FC5B9EB-A6CA-4AE0-9619-0F8EDE274EC2}.Release|Any CPU.Build.0 = Release|Any CPU
		{9FC5B9EB-A6CA-4AE0-9619-0F8EDE274EC2}.Release|x64.ActiveCfg = Release|Any CPU
		{9FC5B9EB-A6CA-4AE0-9619-0F8EDE274EC2}.Release|x64.Build.0 = Release|Any CPU
		{9FC5B9EB-A6CA-4AE0-9619-0F8EDE274EC2}.Release|x86.ActiveCfg = Release|Any CPU
		{9FC5B9EB-A6CA-4AE0-9619-0F8EDE274EC2}.Release|x86.Build.0 = Release|Any CPU
		{85397DA7-0CD4-4D19-990D-A8D50EA6E904}.Debug|Any CPU.ActiveCfg = Debug|Any CPU
		{85397DA7-0CD4-4D19-990D-A8D50EA6E904}.Debug|Any CPU.Build.0 = Debug|Any CPU
		{85397DA7-0CD4-4D19-990D-A8D50EA6E904}.Debug|x64.ActiveCfg = Debug|Any CPU
		{85397DA7-0CD4-4D19-990D-A8D50EA6E904}.Debug|x64.Build.0 = Debug|Any CPU
		{85397DA7-0CD4-4D19-990D-A8D50EA6E904}.Debug|x86.ActiveCfg = Debug|Any CPU
		{85397DA7-0CD4-4D19-990D-A8D50EA6E904}.Debug|x86.Build.0 = Debug|Any CPU
		{85397DA7-0CD4-4D19-990D-A8D50EA6E904}.Release|Any CPU.ActiveCfg = Release|Any CPU
		{85397DA7-0CD4-4D19-990D-A8D50EA6E904}.Release|Any CPU.Build.0 = Release|Any CPU
		{85397DA7-0CD4-4D19-990D-A8D50EA6E904}.Release|x64.ActiveCfg = Release|Any CPU
		{85397DA7-0CD4-4D19-990D-A8D50EA6E904}.Release|x64.Build.0 = Release|Any CPU
		{85397DA7-0CD4-4D19-990D-A8D50EA6E904}.Release|x86.ActiveCfg = Release|Any CPU
		{85397DA7-0CD4-4D19-990D-A8D50EA6E904}.Release|x86.Build.0 = Release|Any CPU
		{E814C80F-3E21-4790-B227-F4FD10F4902F}.Debug|Any CPU.ActiveCfg = Debug|Any CPU
		{E814C80F-3E21-4790-B227-F4FD10F4902F}.Debug|Any CPU.Build.0 = Debug|Any CPU
		{E814C80F-3E21-4790-B227-F4FD10F4902F}.Debug|x64.ActiveCfg = Debug|Any CPU
		{E814C80F-3E21-4790-B227-F4FD10F4902F}.Debug|x64.Build.0 = Debug|Any CPU
		{E814C80F-3E21-4790-B227-F4FD10F4902F}.Debug|x86.ActiveCfg = Debug|Any CPU
		{E814C80F-3E21-4790-B227-F4FD10F4902F}.Debug|x86.Build.0 = Debug|Any CPU
		{E814C80F-3E21-4790-B227-F4FD10F4902F}.Release|Any CPU.ActiveCfg = Release|Any CPU
		{E814C80F-3E21-4790-B227-F4FD10F4902F}.Release|Any CPU.Build.0 = Release|Any CPU
		{E814C80F-3E21-4790-B227-F4FD10F4902F}.Release|x64.ActiveCfg = Release|Any CPU
		{E814C80F-3E21-4790-B227-F4FD10F4902F}.Release|x64.Build.0 = Release|Any CPU
		{E814C80F-3E21-4790-B227-F4FD10F4902F}.Release|x86.ActiveCfg = Release|Any CPU
		{E814C80F-3E21-4790-B227-F4FD10F4902F}.Release|x86.Build.0 = Release|Any CPU
		{341229C9-A6B9-4227-AAD4-346B4FED371C}.Debug|Any CPU.ActiveCfg = Debug|Any CPU
		{341229C9-A6B9-4227-AAD4-346B4FED371C}.Debug|Any CPU.Build.0 = Debug|Any CPU
		{341229C9-A6B9-4227-AAD4-346B4FED371C}.Debug|x64.ActiveCfg = Debug|Any CPU
		{341229C9-A6B9-4227-AAD4-346B4FED371C}.Debug|x64.Build.0 = Debug|Any CPU
		{341229C9-A6B9-4227-AAD4-346B4FED371C}.Debug|x86.ActiveCfg = Debug|Any CPU
		{341229C9-A6B9-4227-AAD4-346B4FED371C}.Debug|x86.Build.0 = Debug|Any CPU
		{341229C9-A6B9-4227-AAD4-346B4FED371C}.Release|Any CPU.ActiveCfg = Release|Any CPU
		{341229C9-A6B9-4227-AAD4-346B4FED371C}.Release|Any CPU.Build.0 = Release|Any CPU
		{341229C9-A6B9-4227-AAD4-346B4FED371C}.Release|x64.ActiveCfg = Release|Any CPU
		{341229C9-A6B9-4227-AAD4-346B4FED371C}.Release|x64.Build.0 = Release|Any CPU
		{341229C9-A6B9-4227-AAD4-346B4FED371C}.Release|x86.ActiveCfg = Release|Any CPU
		{341229C9-A6B9-4227-AAD4-346B4FED371C}.Release|x86.Build.0 = Release|Any CPU
		{1FBF0A8A-2809-4E85-BDD8-69FD33E74624}.Debug|Any CPU.ActiveCfg = Debug|Any CPU
		{1FBF0A8A-2809-4E85-BDD8-69FD33E74624}.Debug|Any CPU.Build.0 = Debug|Any CPU
		{1FBF0A8A-2809-4E85-BDD8-69FD33E74624}.Debug|x64.ActiveCfg = Debug|Any CPU
		{1FBF0A8A-2809-4E85-BDD8-69FD33E74624}.Debug|x64.Build.0 = Debug|Any CPU
		{1FBF0A8A-2809-4E85-BDD8-69FD33E74624}.Debug|x86.ActiveCfg = Debug|Any CPU
		{1FBF0A8A-2809-4E85-BDD8-69FD33E74624}.Debug|x86.Build.0 = Debug|Any CPU
		{1FBF0A8A-2809-4E85-BDD8-69FD33E74624}.Release|Any CPU.ActiveCfg = Release|Any CPU
		{1FBF0A8A-2809-4E85-BDD8-69FD33E74624}.Release|Any CPU.Build.0 = Release|Any CPU
		{1FBF0A8A-2809-4E85-BDD8-69FD33E74624}.Release|x64.ActiveCfg = Release|Any CPU
		{1FBF0A8A-2809-4E85-BDD8-69FD33E74624}.Release|x64.Build.0 = Release|Any CPU
		{1FBF0A8A-2809-4E85-BDD8-69FD33E74624}.Release|x86.ActiveCfg = Release|Any CPU
		{1FBF0A8A-2809-4E85-BDD8-69FD33E74624}.Release|x86.Build.0 = Release|Any CPU
	EndGlobalSection
	GlobalSection(SolutionProperties) = preSolution
		HideSolutionNode = FALSE
	EndGlobalSection
	GlobalSection(NestedProjects) = preSolution
		{ED2B3C8F-AF9D-467F-B7F1-C0F431DBFFF7} = {5046C084-83F1-4FE4-A487-8A9F96D21F6A}
		{9B83DF8C-3F3E-4705-AC61-125FBD2AB217} = {5046C084-83F1-4FE4-A487-8A9F96D21F6A}
		{59E512C4-1D50-4924-A8C3-F0634851941C} = {5046C084-83F1-4FE4-A487-8A9F96D21F6A}
		{1CD98CA5-972B-4804-BC6F-32F57106BF11} = {5046C084-83F1-4FE4-A487-8A9F96D21F6A}
		{BECE77CF-4B29-45F7-86B0-D89D3866F083} = {5046C084-83F1-4FE4-A487-8A9F96D21F6A}
		{9FC5B9EB-A6CA-4AE0-9619-0F8EDE274EC2} = {5046C084-83F1-4FE4-A487-8A9F96D21F6A}
		{85397DA7-0CD4-4D19-990D-A8D50EA6E904} = {5046C084-83F1-4FE4-A487-8A9F96D21F6A}
		{E814C80F-3E21-4790-B227-F4FD10F4902F} = {5046C084-83F1-4FE4-A487-8A9F96D21F6A}
		{341229C9-A6B9-4227-AAD4-346B4FED371C} = {5046C084-83F1-4FE4-A487-8A9F96D21F6A}
		{1FBF0A8A-2809-4E85-BDD8-69FD33E74624} = {5046C084-83F1-4FE4-A487-8A9F96D21F6A}
	EndGlobalSection
	GlobalSection(ExtensibilityGlobals) = postSolution
		SolutionGuid = {5C00AEE0-0082-4357-9C96-CB9BC3BDBED4}
	EndGlobalSection
EndGlobal
